
Microsoft Visual Studio Solution File, Format Version 12.00
# Visual Studio Version 17
VisualStudioVersion = 17.10.35027.167
MinimumVisualStudioVersion = 10.0.40219.1
Project("{FAE04EC0-301F-11D3-BF4B-00C04F79EFBC}") = "Exercise146_Abstract_Methods", "Exercise146_Abstract_Methods\Exercise146_Abstract_Methods.csproj", "{37B35A98-6593-4BB7-B7AE-3E92C52D53FE}"
EndProject
Global
	GlobalSection(SolutionConfigurationPlatforms) = preSolution
		Debug|Any CPU = Debug|Any CPU
		Release|Any CPU = Release|Any CPU
	EndGlobalSection
	GlobalSection(ProjectConfigurationPlatforms) = postSolution
		{37B35A98-6593-4BB7-B7AE-3E92C52D53FE}.Debug|Any CPU.ActiveCfg = Debug|Any CPU
		{37B35A98-6593-4BB7-B7AE-3E92C52D53FE}.Debug|Any CPU.Build.0 = Debug|Any CPU
		{37B35A98-6593-4BB7-B7AE-3E92C52D53FE}.Release|Any CPU.ActiveCfg = Release|Any CPU
		{37B35A98-6593-4BB7-B7AE-3E92C52D53FE}.Release|Any CPU.Build.0 = Release|Any CPU
	EndGlobalSection
	GlobalSection(SolutionProperties) = preSolution
		HideSolutionNode = FALSE
	EndGlobalSection
	GlobalSection(ExtensibilityGlobals) = postSolution
		SolutionGuid = {F2D5DB79-103C-4587-8168-94EAB5CB9540}
	EndGlobalSection
EndGlobal
